# This file is automatically @generated by Cargo.
# It is not intended for manual editing.
version = 4

[[package]]
name = "aho-corasick"
version = "1.1.4"
source = "registry+https://github.com/rust-lang/crates.io-index"
checksum = "ddd31a130427c27518df266943a5308ed92d4b226cc639f5a8f1002816174301"
dependencies = [
 "memchr",
]

[[package]]
name = "allocator-api2"
version = "0.2.21"
source = "registry+https://github.com/rust-lang/crates.io-index"
checksum = "683d7910e743518b0e34f1186f92494becacb047c7b6bf616c96772180fef923"

[[package]]
name = "android_system_properties"
version = "0.1.5"
source = "registry+https://github.com/rust-lang/crates.io-index"
checksum = "819e7219dbd41043ac279b19830f2efc897156490d7fd6ea916720117ee66311"
dependencies = [
 "libc",
]

[[package]]
name = "arc-swap"
version = "1.8.0"
source = "registry+https://github.com/rust-lang/crates.io-index"
checksum = "51d03449bb8ca2cc2ef70869af31463d1ae5ccc8fa3e334b307203fbf815207e"
dependencies = [
 "rustversion",
]

[[package]]
name = "async-trait"
version = "0.1.89"
source = "registry+https://github.com/rust-lang/crates.io-index"
checksum = "9035ad2d096bed7955a320ee7e2230574d28fd3c3a0f186cbea1ff3c7eed5dbb"
dependencies = [
 "proc-macro2",
 "quote",
 "syn",
]

[[package]]
name = "autocfg"
version = "1.5.0"
source = "registry+https://github.com/rust-lang/crates.io-index"
checksum = "c08606f8c3cbf4ce6ec8e28fb0014a2c086708fe954eaa885384a6165172e7e8"

[[package]]
name = "base64"
version = "0.22.1"
source = "registry+https://github.com/rust-lang/crates.io-index"
checksum = "72b3254f16251a8381aa12e40e3c4d2f0199f8c6508fbecb9d91f575e0fbb8c6"

[[package]]
name = "bitflags"
version = "2.10.0"
source = "registry+https://github.com/rust-lang/crates.io-index"
checksum = "812e12b5285cc515a9c72a5c1d3b6d46a19dac5acfef5265968c166106e31dd3"

[[package]]
name = "bitpacking"
version = "0.9.2"
source = "registry+https://github.com/rust-lang/crates.io-index"
checksum = "4c1d3e2bfd8d06048a179f7b17afc3188effa10385e7b00dc65af6aae732ea92"
dependencies = [
 "crunchy",
]

[[package]]
name = "bon"
version = "3.8.1"
source = "registry+https://github.com/rust-lang/crates.io-index"
checksum = "ebeb9aaf9329dff6ceb65c689ca3db33dbf15f324909c60e4e5eef5701ce31b1"
dependencies = [
 "bon-macros",
 "rustversion",
]

[[package]]
name = "bon-macros"
version = "3.8.1"
source = "registry+https://github.com/rust-lang/crates.io-index"
checksum = "77e9d642a7e3a318e37c2c9427b5a6a48aa1ad55dcd986f3034ab2239045a645"
dependencies = [
 "darling",
 "ident_case",
 "prettyplease",
 "proc-macro2",
 "quote",
 "rustversion",
 "syn",
]

[[package]]
name = "bumpalo"
version = "3.19.1"
source = "registry+https://github.com/rust-lang/crates.io-index"
checksum = "5dd9dc738b7a8311c7ade152424974d8115f2cdad61e8dab8dac9f2362298510"

[[package]]
name = "byteorder"
version = "1.5.0"
source = "registry+https://github.com/rust-lang/crates.io-index"
checksum = "1fd0f2584146f6f2ef48085050886acf353beff7305ebd1ae69500e27c67f64b"

[[package]]
name = "cc"
version = "1.2.51"
source = "registry+https://github.com/rust-lang/crates.io-index"
checksum = "7a0aeaff4ff1a90589618835a598e545176939b97874f7abc7851caa0618f203"
dependencies = [
 "find-msvc-tools",
 "jobserver",
 "libc",
 "shlex",
]

[[package]]
name = "census"
version = "0.4.2"
source = "registry+https://github.com/rust-lang/crates.io-index"
checksum = "4f4c707c6a209cbe82d10abd08e1ea8995e9ea937d2550646e02798948992be0"

[[package]]
name = "cfg-if"
version = "1.0.4"
source = "registry+https://github.com/rust-lang/crates.io-index"
checksum = "9330f8b2ff13f34540b44e946ef35111825727b38d33286ef986142615121801"

[[package]]
name = "chrono"
version = "0.4.42"
source = "registry+https://github.com/rust-lang/crates.io-index"
checksum = "145052bdd345b87320e369255277e3fb5152762ad123a901ef5c262dd38fe8d2"
dependencies = [
 "iana-time-zone",
 "js-sys",
 "num-traits",
 "wasm-bindgen",
 "windows-link",
]

[[package]]
name = "core-foundation-sys"
version = "0.8.7"
source = "registry+https://github.com/rust-lang/crates.io-index"
checksum = "773648b94d0e5d620f64f280777445740e61fe701025087ec8b57f45c791888b"

[[package]]
name = "crc32fast"
version = "1.5.0"
source = "registry+https://github.com/rust-lang/crates.io-index"
checksum = "9481c1c90cbf2ac953f07c8d4a58aa3945c425b7185c9154d67a65e4230da511"
dependencies = [
 "cfg-if",
]

[[package]]
name = "crossbeam-channel"
version = "0.5.15"
source = "registry+https://github.com/rust-lang/crates.io-index"
checksum = "82b8f8f868b36967f9606790d1903570de9ceaf870a7bf9fbbd3016d636a2cb2"
dependencies = [
 "crossbeam-utils",
]

[[package]]
name = "crossbeam-deque"
version = "0.8.6"
source = "registry+https://github.com/rust-lang/crates.io-index"
checksum = "9dd111b7b7f7d55b72c0a6ae361660ee5853c9af73f70c3c2ef6858b950e2e51"
dependencies = [
 "crossbeam-epoch",
 "crossbeam-utils",
]

[[package]]
name = "crossbeam-epoch"
version = "0.9.18"
source = "registry+https://github.com/rust-lang/crates.io-index"
checksum = "5b82ac4a3c2ca9c3460964f020e1402edd5753411d7737aa39c3714ad1b5420e"
dependencies = [
 "crossbeam-utils",
]

[[package]]
name = "crossbeam-utils"
version = "0.8.21"
source = "registry+https://github.com/rust-lang/crates.io-index"
checksum = "d0a5c400df2834b80a4c3327b3aad3a4c4cd4de0629063962b03235697506a28"

[[package]]
name = "crunchy"
version = "0.2.4"
source = "registry+https://github.com/rust-lang/crates.io-index"
checksum = "460fbee9c2c2f33933d720630a6a0bac33ba7053db5344fac858d4b8952d77d5"

[[package]]
name = "darling"
version = "0.21.3"
source = "registry+https://github.com/rust-lang/crates.io-index"
checksum = "9cdf337090841a411e2a7f3deb9187445851f91b309c0c0a29e05f74a00a48c0"
dependencies = [
 "darling_core",
 "darling_macro",
]

[[package]]
name = "darling_core"
version = "0.21.3"
source = "registry+https://github.com/rust-lang/crates.io-index"
checksum = "1247195ecd7e3c85f83c8d2a366e4210d588e802133e1e355180a9870b517ea4"
dependencies = [
 "fnv",
 "ident_case",
 "proc-macro2",
 "quote",
 "strsim",
 "syn",
]

[[package]]
name = "darling_macro"
version = "0.21.3"
source = "registry+https://github.com/rust-lang/crates.io-index"
checksum = "d38308df82d1080de0afee5d069fa14b0326a88c14f15c5ccda35b4a6c414c81"
dependencies = [
 "darling_core",
 "quote",
 "syn",
]

[[package]]
name = "deranged"
version = "0.5.5"
source = "registry+https://github.com/rust-lang/crates.io-index"
checksum = "ececcb659e7ba858fb4f10388c250a7252eb0a27373f1a72b8748afdd248e587"
dependencies = [
 "powerfmt",
 "serde_core",
]

[[package]]
name = "downcast-rs"
version = "2.0.2"
source = "registry+https://github.com/rust-lang/crates.io-index"
checksum = "117240f60069e65410b3ae1bb213295bd828f707b5bec6596a1afc8793ce0cbc"

[[package]]
name = "either"
version = "1.15.0"
source = "registry+https://github.com/rust-lang/crates.io-index"
checksum = "48c757948c5ede0e46177b7add2e67155f70e33c07fea8284df6576da70b3719"

[[package]]
name = "equivalent"
version = "1.0.2"
source = "registry+https://github.com/rust-lang/crates.io-index"
checksum = "877a4ace8713b0bcf2a4e7eec82529c029f1d0619886d18145fea96c3ffe5c0f"

[[package]]
name = "errno"
version = "0.3.14"
source = "registry+https://github.com/rust-lang/crates.io-index"
checksum = "39cab71617ae0d63f51a36d69f866391735b51691dbda63cf6f96d042b63efeb"
dependencies = [
 "libc",
 "windows-sys 0.61.2",
]

[[package]]
name = "fastdivide"
version = "0.4.2"
source = "registry+https://github.com/rust-lang/crates.io-index"
checksum = "9afc2bd4d5a73106dd53d10d73d3401c2f32730ba2c0b93ddb888a8983680471"

[[package]]
name = "fastrand"
version = "2.3.0"
source = "registry+https://github.com/rust-lang/crates.io-index"
checksum = "37909eebbb50d72f9059c3b6d82c0463f2ff062c9e95845c43a6c9c0355411be"

[[package]]
name = "find-msvc-tools"
version = "0.1.6"
source = "registry+https://github.com/rust-lang/crates.io-index"
checksum = "645cbb3a84e60b7531617d5ae4e57f7e27308f6445f5abf653209ea76dec8dff"

[[package]]
name = "fnv"
version = "1.0.7"
source = "registry+https://github.com/rust-lang/crates.io-index"
checksum = "3f9eec918d3f24069decb9af1554cad7c880e2da24a9afd88aca000531ab82c1"

[[package]]
name = "foldhash"
version = "0.1.5"
source = "registry+https://github.com/rust-lang/crates.io-index"
checksum = "d9c4f5dac5e15c24eb999c26181a6ca40b39fe946cbe4c263c7209467bc83af2"

[[package]]
name = "fs4"
version = "0.13.1"
source = "registry+https://github.com/rust-lang/crates.io-index"
checksum = "8640e34b88f7652208ce9e88b1a37a2ae95227d84abec377ccd3c5cfeb141ed4"
dependencies = [
 "rustix",
 "windows-sys 0.59.0",
]

[[package]]
name = "futures"
version = "0.3.31"
source = "registry+https://github.com/rust-lang/crates.io-index"
checksum = "65bc07b1a8bc7c85c5f2e110c476c7389b4554ba72af57d8445ea63a576b0876"
dependencies = [
 "futures-channel",
 "futures-core",
 "futures-executor",
 "futures-io",
 "futures-sink",
 "futures-task",
 "futures-util",
]

[[package]]
name = "futures-channel"
version = "0.3.31"
source = "registry+https://github.com/rust-lang/crates.io-index"
checksum = "2dff15bf788c671c1934e366d07e30c1814a8ef514e1af724a602e8a2fbe1b10"
dependencies = [
 "futures-core",
 "futures-sink",
]

[[package]]
name = "futures-core"
version = "0.3.31"
source = "registry+https://github.com/rust-lang/crates.io-index"
checksum = "05f29059c0c2090612e8d742178b0580d2dc940c837851ad723096f87af6663e"

[[package]]
name = "futures-executor"
version = "0.3.31"
source = "registry+https://github.com/rust-lang/crates.io-index"
checksum = "1e28d1d997f585e54aebc3f97d39e72338912123a67330d723fdbb564d646c9f"
dependencies = [
 "futures-core",
 "futures-task",
 "futures-util",
]

[[package]]
name = "futures-io"
version = "0.3.31"
source = "registry+https://github.com/rust-lang/crates.io-index"
checksum = "9e5c1b78ca4aae1ac06c48a526a655760685149f0d465d21f37abfe57ce075c6"

[[package]]
name = "futures-macro"
version = "0.3.31"
source = "registry+https://github.com/rust-lang/crates.io-index"
checksum = "162ee34ebcb7c64a8abebc059ce0fee27c2262618d7b60ed8faf72fef13c3650"
dependencies = [
 "proc-macro2",
 "quote",
 "syn",
]

[[package]]
name = "futures-sink"
version = "0.3.31"
source = "registry+https://github.com/rust-lang/crates.io-index"
checksum = "e575fab7d1e0dcb8d0c7bcf9a63ee213816ab51902e6d244a95819acacf1d4f7"

[[package]]
name = "futures-task"
version = "0.3.31"
source = "registry+https://github.com/rust-lang/crates.io-index"
checksum = "f90f7dce0722e95104fcb095585910c0977252f286e354b5e3bd38902cd99988"

[[package]]
name = "futures-util"
version = "0.3.31"
source = "registry+https://github.com/rust-lang/crates.io-index"
checksum = "9fa08315bb612088cc391249efdc3bc77536f16c91f6cf495e6fbe85b20a4a81"
dependencies = [
 "futures-channel",
 "futures-core",
 "futures-io",
 "futures-macro",
 "futures-sink",
 "futures-task",
 "memchr",
 "pin-project-lite",
 "pin-utils",
 "slab",
]

[[package]]
name = "getrandom"
version = "0.2.16"
source = "registry+https://github.com/rust-lang/crates.io-index"
checksum = "335ff9f135e4384c8150d6f27c6daed433577f86b4750418338c01a1a2528592"
dependencies = [
 "cfg-if",
 "libc",
 "wasi",
]

[[package]]
name = "getrandom"
version = "0.3.4"
source = "registry+https://github.com/rust-lang/crates.io-index"
checksum = "899def5c37c4fd7b2664648c28120ecec138e4d395b459e5ca34f9cce2dd77fd"
dependencies = [
 "cfg-if",
 "libc",
 "r-efi",
 "wasip2",
]

[[package]]
name = "hashbrown"
version = "0.15.5"
source = "registry+https://github.com/rust-lang/crates.io-index"
checksum = "9229cfe53dfd69f0609a49f65461bd93001ea1ef889cd5529dd176593f5338a1"
dependencies = [
 "allocator-api2",
 "equivalent",
 "foldhash",
]

[[package]]
name = "heck"
version = "0.5.0"
source = "registry+https://github.com/rust-lang/crates.io-index"
checksum = "2304e00983f87ffb38b55b444b5e3b60a884b5d30c0fca7d82fe33449bbe55ea"

[[package]]
name = "htmlescape"
version = "0.3.1"
source = "registry+https://github.com/rust-lang/crates.io-index"
checksum = "e9025058dae765dee5070ec375f591e2ba14638c63feff74f13805a72e523163"

[[package]]
name = "hyperloglogplus"
version = "0.4.1"
source = "registry+https://github.com/rust-lang/crates.io-index"
checksum = "621debdf94dcac33e50475fdd76d34d5ea9c0362a834b9db08c3024696c1fbe3"
dependencies = [
 "serde",
]

[[package]]
name = "iana-time-zone"
version = "0.1.64"
source = "registry+https://github.com/rust-lang/crates.io-index"
checksum = "33e57f83510bb73707521ebaffa789ec8caf86f9657cad665b092b581d40e9fb"
dependencies = [
 "android_system_properties",
 "core-foundation-sys",
 "iana-time-zone-haiku",
 "js-sys",
 "log",
 "wasm-bindgen",
 "windows-core",
]

[[package]]
name = "iana-time-zone-haiku"
version = "0.1.2"
source = "registry+https://github.com/rust-lang/crates.io-index"
checksum = "f31827a206f56af32e590ba56d5d2d085f558508192593743f16b2306495269f"
dependencies = [
 "cc",
]

[[package]]
name = "ident_case"
version = "1.0.1"
source = "registry+https://github.com/rust-lang/crates.io-index"
checksum = "b9e0384b61958566e926dc50660321d12159025e767c18e043daf26b70104c39"

[[package]]
name = "indoc"
version = "2.0.7"
source = "registry+https://github.com/rust-lang/crates.io-index"
checksum = "79cf5c93f93228cf8efb3ba362535fb11199ac548a09ce117c9b1adc3030d706"
dependencies = [
 "rustversion",
]

[[package]]
name = "itertools"
version = "0.14.0"
source = "registry+https://github.com/rust-lang/crates.io-index"
checksum = "2b192c782037fadd9cfa75548310488aabdbf3d2da73885b31bd0abd03351285"
dependencies = [
 "either",
]

[[package]]
name = "itoa"
version = "1.0.17"
source = "registry+https://github.com/rust-lang/crates.io-index"
checksum = "92ecc6618181def0457392ccd0ee51198e065e016d1d527a7ac1b6dc7c1f09d2"

[[package]]
name = "jobserver"
version = "0.1.34"
source = "registry+https://github.com/rust-lang/crates.io-index"
checksum = "9afb3de4395d6b3e67a780b6de64b51c978ecf11cb9a462c66be7d4ca9039d33"
dependencies = [
 "getrandom 0.3.4",
 "libc",
]

[[package]]
name = "js-sys"
version = "0.3.83"
source = "registry+https://github.com/rust-lang/crates.io-index"
checksum = "464a3709c7f55f1f721e5389aa6ea4e3bc6aba669353300af094b29ffbdde1d8"
dependencies = [
 "once_cell",
 "wasm-bindgen",
]

[[package]]
name = "levenshtein_automata"
version = "0.2.1"
source = "registry+https://github.com/rust-lang/crates.io-index"
checksum = "0c2cdeb66e45e9f36bfad5bbdb4d2384e70936afbee843c6f6543f0c551ebb25"

[[package]]
name = "libc"
version = "0.2.179"
source = "registry+https://github.com/rust-lang/crates.io-index"
checksum = "c5a2d376baa530d1238d133232d15e239abad80d05838b4b59354e5268af431f"

[[package]]
name = "libm"
version = "0.2.15"
source = "registry+https://github.com/rust-lang/crates.io-index"
checksum = "f9fbbcab51052fe104eb5e5d351cf728d30a5be1fe14d9be8a3b097481fb97de"

[[package]]
name = "linux-raw-sys"
version = "0.11.0"
source = "registry+https://github.com/rust-lang/crates.io-index"
checksum = "df1d3c3b53da64cf5760482273a98e575c651a67eec7f77df96b5b642de8f039"

[[package]]
name = "log"
version = "0.4.29"
source = "registry+https://github.com/rust-lang/crates.io-index"
checksum = "5e5032e24019045c762d3c0f28f5b6b8bbf38563a65908389bf7978758920897"

[[package]]
name = "lru"
version = "0.12.5"
source = "registry+https://github.com/rust-lang/crates.io-index"
checksum = "234cf4f4a04dc1f57e24b96cc0cd600cf2af460d4161ac5ecdd0af8e1f3b2a38"
dependencies = [
 "hashbrown",
]

[[package]]
name = "lz4_flex"
version = "0.11.5"
source = "registry+https://github.com/rust-lang/crates.io-index"
checksum = "08ab2867e3eeeca90e844d1940eab391c9dc5228783db2ed999acbc0a9ed375a"

[[package]]
name = "measure_time"
version = "0.9.0"
source = "registry+https://github.com/rust-lang/crates.io-index"
checksum = "51c55d61e72fc3ab704396c5fa16f4c184db37978ae4e94ca8959693a235fc0e"
dependencies = [
 "log",
]

[[package]]
name = "memchr"
version = "2.7.6"
source = "registry+https://github.com/rust-lang/crates.io-index"
checksum = "f52b00d39961fc5b2736ea853c9cc86238e165017a493d1d5c8eac6bdc4cc273"

[[package]]
name = "memmap2"
version = "0.9.9"
source = "registry+https://github.com/rust-lang/crates.io-index"
checksum = "744133e4a0e0a658e1374cf3bf8e415c4052a15a111acd372764c55b4177d490"
dependencies = [
 "libc",
]

[[package]]
name = "memoffset"
version = "0.9.1"
source = "registry+https://github.com/rust-lang/crates.io-index"
checksum = "488016bfae457b036d996092f6cb448677611ce4449e970ceaf42695203f218a"
dependencies = [
 "autocfg",
]

[[package]]
name = "minimal-lexical"
version = "0.2.1"
source = "registry+https://github.com/rust-lang/crates.io-index"
checksum = "68354c5c6bd36d73ff3feceb05efa59b6acb7626617f4962be322a825e61f79a"

[[package]]
name = "murmurhash32"
version = "0.3.1"
source = "registry+https://github.com/rust-lang/crates.io-index"
checksum = "2195bf6aa996a481483b29d62a7663eed3fe39600c460e323f8ff41e90bdd89b"

[[package]]
name = "nom"
version = "7.1.3"
source = "registry+https://github.com/rust-lang/crates.io-index"
checksum = "d273983c5a657a70a3e8f2a01329822f3b8c8172b73826411a55751e404a0a4a"
dependencies = [
 "memchr",
 "minimal-lexical",
]

[[package]]
name = "num-conv"
version = "0.1.0"
source = "registry+https://github.com/rust-lang/crates.io-index"
checksum = "51d515d32fb182ee37cda2ccdcb92950d6a3c2893aa280e540671c2cd0f3b1d9"

[[package]]
name = "num-traits"
version = "0.2.19"
source = "registry+https://github.com/rust-lang/crates.io-index"
checksum = "071dfc062690e90b734c0b2273ce72ad0ffa95f0c74596bc250dcfd960262841"
dependencies = [
 "autocfg",
 "libm",
]

[[package]]
name = "once_cell"
version = "1.21.3"
source = "registry+https://github.com/rust-lang/crates.io-index"
checksum = "42f5e15c9953c5e4ccceeb2e7382a716482c34515315f7b03532b8b4e8393d2d"

[[package]]
name = "oneshot"
version = "0.1.11"
source = "registry+https://github.com/rust-lang/crates.io-index"
checksum = "b4ce411919553d3f9fa53a0880544cda985a112117a0444d5ff1e870a893d6ea"

[[package]]
name = "ownedbytes"
version = "0.9.0"
source = "registry+https://github.com/rust-lang/crates.io-index"
checksum = "2fbd56f7631767e61784dc43f8580f403f4475bd4aaa4da003e6295e1bab4a7e"
dependencies = [
 "stable_deref_trait",
]

[[package]]
name = "pin-project-lite"
version = "0.2.16"
source = "registry+https://github.com/rust-lang/crates.io-index"
checksum = "3b3cff922bd51709b605d9ead9aa71031d81447142d828eb4a6eba76fe619f9b"

[[package]]
name = "pin-utils"
version = "0.1.0"
source = "registry+https://github.com/rust-lang/crates.io-index"
checksum = "8b870d8c151b6f2fb93e84a13146138f05d02ed11c7e7c54f8826aaaf7c9f184"

[[package]]
name = "pkg-config"
version = "0.3.32"
source = "registry+https://github.com/rust-lang/crates.io-index"
checksum = "7edddbd0b52d732b21ad9a5fab5c704c14cd949e5e9a1ec5929a24fded1b904c"

[[package]]
name = "portable-atomic"
version = "1.13.0"
source = "registry+https://github.com/rust-lang/crates.io-index"
checksum = "f89776e4d69bb58bc6993e99ffa1d11f228b839984854c7daeb5d37f87cbe950"

[[package]]
name = "powerfmt"
version = "0.2.0"
source = "registry+https://github.com/rust-lang/crates.io-index"
checksum = "439ee305def115ba05938db6eb1644ff94165c5ab5e9420d1c1bcedbba909391"

[[package]]
name = "ppv-lite86"
version = "0.2.21"
source = "registry+https://github.com/rust-lang/crates.io-index"
checksum = "85eae3c4ed2f50dcfe72643da4befc30deadb458a9b590d720cde2f2b1e97da9"
dependencies = [
 "zerocopy",
]

[[package]]
name = "prettyplease"
version = "0.2.37"
source = "registry+https://github.com/rust-lang/crates.io-index"
checksum = "479ca8adacdd7ce8f1fb39ce9ecccbfe93a3f1344b3d0d97f20bc0196208f62b"
dependencies = [
 "proc-macro2",
 "syn",
]

[[package]]
name = "proc-macro2"
version = "1.0.105"
source = "registry+https://github.com/rust-lang/crates.io-index"
checksum = "535d180e0ecab6268a3e718bb9fd44db66bbbc256257165fc699dadf70d16fe7"
dependencies = [
 "unicode-ident",
]

[[package]]
name = "pyo3"
version = "0.26.0"
source = "registry+https://github.com/rust-lang/crates.io-index"
checksum = "7ba0117f4212101ee6544044dae45abe1083d30ce7b29c4b5cbdfa2354e07383"
dependencies = [
 "chrono",
 "indoc",
 "libc",
 "memoffset",
 "once_cell",
 "portable-atomic",
 "pyo3-build-config 0.26.0",
 "pyo3-ffi",
 "pyo3-macros",
 "unindent",
]

[[package]]
name = "pyo3-build-config"
version = "0.26.0"
source = "registry+https://github.com/rust-lang/crates.io-index"
checksum = "4fc6ddaf24947d12a9aa31ac65431fb1b851b8f4365426e182901eabfb87df5f"
dependencies = [
 "target-lexicon",
]

[[package]]
name = "pyo3-build-config"
version = "0.27.2"
source = "registry+https://github.com/rust-lang/crates.io-index"
checksum = "b455933107de8642b4487ed26d912c2d899dec6114884214a0b3bb3be9261ea6"
dependencies = [
 "target-lexicon",
]

[[package]]
name = "pyo3-ffi"
version = "0.26.0"
source = "registry+https://github.com/rust-lang/crates.io-index"
checksum = "025474d3928738efb38ac36d4744a74a400c901c7596199e20e45d98eb194105"
dependencies = [
 "libc",
 "pyo3-build-config 0.26.0",
]

[[package]]
name = "pyo3-macros"
version = "0.26.0"
source = "registry+https://github.com/rust-lang/crates.io-index"
checksum = "2e64eb489f22fe1c95911b77c44cc41e7c19f3082fc81cce90f657cdc42ffded"
dependencies = [
 "proc-macro2",
 "pyo3-macros-backend",
 "quote",
 "syn",
]

[[package]]
name = "pyo3-macros-backend"
version = "0.26.0"
source = "registry+https://github.com/rust-lang/crates.io-index"
checksum = "100246c0ecf400b475341b8455a9213344569af29a3c841d29270e53102e0fcf"
dependencies = [
 "heck",
 "proc-macro2",
 "pyo3-build-config 0.26.0",
 "quote",
 "syn",
]

[[package]]
name = "pythonize"
version = "0.26.0"
source = "registry+https://github.com/rust-lang/crates.io-index"
checksum = "11e06e4cff9be2bbf2bddf28a486ae619172ea57e79787f856572878c62dcfe2"
dependencies = [
 "pyo3",
 "serde",
]

[[package]]
name = "quote"
version = "1.0.43"
source = "registry+https://github.com/rust-lang/crates.io-index"
checksum = "dc74d9a594b72ae6656596548f56f667211f8a97b3d4c3d467150794690dc40a"
dependencies = [
 "proc-macro2",
]

[[package]]
name = "r-efi"
version = "5.3.0"
source = "registry+https://github.com/rust-lang/crates.io-index"
checksum = "69cdb34c158ceb288df11e18b4bd39de994f6657d83847bdffdbd7f346754b0f"

[[package]]
name = "rand"
version = "0.8.5"
source = "registry+https://github.com/rust-lang/crates.io-index"
checksum = "34af8d1a0e25924bc5b7c43c079c942339d8f0a8b57c39049bef581b46327404"
dependencies = [
 "libc",
 "rand_chacha",
 "rand_core",
]

[[package]]
name = "rand_chacha"
version = "0.3.1"
source = "registry+https://github.com/rust-lang/crates.io-index"
checksum = "e6c10a63a0fa32252be49d21e7709d4d4baf8d231c2dbce1eaa8141b9b127d88"
dependencies = [
 "ppv-lite86",
 "rand_core",
]

[[package]]
name = "rand_core"
version = "0.6.4"
source = "registry+https://github.com/rust-lang/crates.io-index"
checksum = "ec0be4795e2f6a28069bec0b5ff3e2ac9bafc99e6a9a7dc3547996c5c816922c"
dependencies = [
 "getrandom 0.2.16",
]

[[package]]
name = "rand_distr"
version = "0.4.3"
source = "registry+https://github.com/rust-lang/crates.io-index"
checksum = "32cb0b9bc82b0a0876c2dd994a7e7a2683d3e7390ca40e6886785ef0c7e3ee31"
dependencies = [
 "num-traits",
 "rand",
]

[[package]]
name = "rayon"
version = "1.11.0"
source = "registry+https://github.com/rust-lang/crates.io-index"
checksum = "368f01d005bf8fd9b1206fb6fa653e6c4a81ceb1466406b81792d87c5677a58f"
dependencies = [
 "either",
 "rayon-core",
]

[[package]]
name = "rayon-core"
version = "1.13.0"
source = "registry+https://github.com/rust-lang/crates.io-index"
checksum = "22e18b0f0062d30d4230b2e85ff77fdfe4326feb054b9783a3460d8435c8ab91"
dependencies = [
 "crossbeam-deque",
 "crossbeam-utils",
]

[[package]]
name = "regex"
version = "1.12.2"
source = "registry+https://github.com/rust-lang/crates.io-index"
checksum = "843bc0191f75f3e22651ae5f1e72939ab2f72a4bc30fa80a066bd66edefc24d4"
dependencies = [
 "aho-corasick",
 "memchr",
 "regex-automata",
 "regex-syntax",
]

[[package]]
name = "regex-automata"
version = "0.4.13"
source = "registry+https://github.com/rust-lang/crates.io-index"
checksum = "5276caf25ac86c8d810222b3dbb938e512c55c6831a10f3e6ed1c93b84041f1c"
dependencies = [
 "aho-corasick",
 "memchr",
 "regex-syntax",
]

[[package]]
name = "regex-syntax"
version = "0.8.8"
source = "registry+https://github.com/rust-lang/crates.io-index"
checksum = "7a2d987857b319362043e95f5353c0535c1f58eec5336fdfcf626430af7def58"

[[package]]
name = "rust-stemmers"
version = "1.2.0"
source = "registry+https://github.com/rust-lang/crates.io-index"
checksum = "e46a2036019fdb888131db7a4c847a1063a7493f971ed94ea82c67eada63ca54"
dependencies = [
 "serde",
 "serde_derive",
]

[[package]]
name = "rustc-hash"
version = "2.1.1"
source = "registry+https://github.com/rust-lang/crates.io-index"
checksum = "357703d41365b4b27c590e3ed91eabb1b663f07c4c084095e60cbed4362dff0d"

[[package]]
name = "rustix"
version = "1.1.3"
source = "registry+https://github.com/rust-lang/crates.io-index"
checksum = "146c9e247ccc180c1f61615433868c99f3de3ae256a30a43b49f67c2d9171f34"
dependencies = [
 "bitflags",
 "errno",
 "libc",
 "linux-raw-sys",
 "windows-sys 0.61.2",
]

[[package]]
name = "rustversion"
version = "1.0.22"
source = "registry+https://github.com/rust-lang/crates.io-index"
checksum = "b39cdef0fa800fc44525c84ccb54a029961a8215f9619753635a9c0d2538d46d"

[[package]]
name = "serde"
version = "1.0.228"
source = "registry+https://github.com/rust-lang/crates.io-index"
checksum = "9a8e94ea7f378bd32cbbd37198a4a91436180c5bb472411e48b5ec2e2124ae9e"
dependencies = [
 "serde_core",
 "serde_derive",
]

[[package]]
name = "serde_core"
version = "1.0.228"
source = "registry+https://github.com/rust-lang/crates.io-index"
checksum = "41d385c7d4ca58e59fc732af25c3983b67ac852c1a25000afe1175de458b67ad"
dependencies = [
 "serde_derive",
]

[[package]]
name = "serde_derive"
version = "1.0.228"
source = "registry+https://github.com/rust-lang/crates.io-index"
checksum = "d540f220d3187173da220f885ab66608367b6574e925011a9353e4badda91d79"
dependencies = [
 "proc-macro2",
 "quote",
 "syn",
]

[[package]]
name = "serde_json"
version = "1.0.148"
source = "registry+https://github.com/rust-lang/crates.io-index"
checksum = "3084b546a1dd6289475996f182a22aba973866ea8e8b02c51d9f46b1336a22da"
dependencies = [
 "itoa",
 "memchr",
 "serde",
 "serde_core",
 "zmij",
]

[[package]]
name = "shlex"
version = "1.3.0"
source = "registry+https://github.com/rust-lang/crates.io-index"
checksum = "0fda2ff0d084019ba4d7c6f371c95d8fd75ce3524c3cb8fb653a3023f6323e64"

[[package]]
name = "sketches-ddsketch"
version = "0.3.0"
source = "registry+https://github.com/rust-lang/crates.io-index"
checksum = "c1e9a774a6c28142ac54bb25d25562e6bcf957493a184f15ad4eebccb23e410a"
dependencies = [
 "serde",
]

[[package]]
name = "slab"
version = "0.4.11"
source = "registry+https://github.com/rust-lang/crates.io-index"
checksum = "7a2ae44ef20feb57a68b23d846850f861394c2e02dc425a50098ae8c90267589"

[[package]]
name = "smallvec"
version = "1.15.1"
source = "registry+https://github.com/rust-lang/crates.io-index"
checksum = "67b1b7a3b5fe4f1376887184045fcf45c69e92af734b7aaddc05fb777b6fbd03"

[[package]]
name = "stable_deref_trait"
version = "1.2.1"
source = "registry+https://github.com/rust-lang/crates.io-index"
checksum = "6ce2be8dc25455e1f91df71bfa12ad37d7af1092ae736f3a6cd0e37bc7810596"

[[package]]
name = "strsim"
version = "0.11.1"
source = "registry+https://github.com/rust-lang/crates.io-index"
checksum = "7da8b5736845d9f2fcb837ea5d9e2628564b3b043a70948a3f0b778838c5fb4f"

[[package]]
name = "syn"
version = "2.0.113"
source = "registry+https://github.com/rust-lang/crates.io-index"
checksum = "678faa00651c9eb72dd2020cbdf275d92eccb2400d568e419efdd64838145cb4"
dependencies = [
 "proc-macro2",
 "quote",
 "unicode-ident",
]

[[package]]
name = "tantivy"
version = "0.25.0"
source = "registry+https://github.com/rust-lang/crates.io-index"
checksum = "502915c7381c5cb2d2781503962610cb880ad8f1a0ca95df1bae645d5ebf2545"
dependencies = [
 "aho-corasick",
 "arc-swap",
 "base64",
 "bitpacking",
 "bon",
 "byteorder",
 "census",
 "crc32fast",
 "crossbeam-channel",
 "downcast-rs",
 "fastdivide",
 "fnv",
 "fs4",
 "htmlescape",
 "hyperloglogplus",
 "itertools",
 "levenshtein_automata",
 "log",
 "lru",
 "lz4_flex",
 "measure_time",
 "memmap2",
 "once_cell",
 "oneshot",
 "rayon",
 "regex",
 "rust-stemmers",
 "rustc-hash",
 "serde",
 "serde_json",
 "sketches-ddsketch",
 "smallvec",
 "tantivy-bitpacker",
 "tantivy-columnar",
 "tantivy-common",
 "tantivy-fst",
 "tantivy-query-grammar",
 "tantivy-stacker",
 "tantivy-tokenizer-api",
 "tempfile",
 "thiserror",
 "time",
 "uuid",
 "winapi",
]

[[package]]
name = "tantivy"
version = "0.25.1"
dependencies = [
 "base64",
 "chrono",
 "fnv",
 "futures",
 "itertools",
 "pyo3",
 "pyo3-build-config 0.27.2",
 "pythonize",
 "serde",
 "serde_json",
 "tantivy 0.25.0",
 "tantivy-tokenizers",
]

[[package]]
name = "tantivy-bitpacker"
version = "0.9.0"
source = "registry+https://github.com/rust-lang/crates.io-index"
checksum = "c3b04eed5108d8283607da6710fe17a7663523440eaf7ea5a1a440d19a1448b6"
dependencies = [
 "bitpacking",
]

[[package]]
name = "tantivy-columnar"
version = "0.6.0"
source = "registry+https://github.com/rust-lang/crates.io-index"
checksum = "8b628488ae936c83e92b5c4056833054ca56f76c0e616aee8339e24ac89119cd"
dependencies = [
 "downcast-rs",
 "fastdivide",
 "itertools",
 "serde",
 "tantivy-bitpacker",
 "tantivy-common",
 "tantivy-sstable",
 "tantivy-stacker",
]

[[package]]
name = "tantivy-common"
version = "0.10.0"
source = "registry+https://github.com/rust-lang/crates.io-index"
checksum = "f880aa7cab0c063a47b62596d10991cdd0b6e0e0575d9c5eeb298b307a25de55"
dependencies = [
 "async-trait",
 "byteorder",
 "ownedbytes",
 "serde",
 "time",
]

[[package]]
name = "tantivy-fst"
version = "0.5.0"
source = "registry+https://github.com/rust-lang/crates.io-index"
checksum = "d60769b80ad7953d8a7b2c70cdfe722bbcdcac6bccc8ac934c40c034d866fc18"
dependencies = [
 "byteorder",
 "regex-syntax",
 "utf8-ranges",
]

[[package]]
name = "tantivy-query-grammar"
version = "0.25.0"
source = "registry+https://github.com/rust-lang/crates.io-index"
checksum = "768fccdc84d60d86235d42d7e4c33acf43c418258ff5952abf07bd7837fcd26b"
dependencies = [
 "nom",
 "serde",
 "serde_json",
]

[[package]]
name = "tantivy-sstable"
version = "0.6.0"
source = "registry+https://github.com/rust-lang/crates.io-index"
checksum = "f8292095d1a8a2c2b36380ec455f910ab52dde516af36321af332c93f20ab7d5"
dependencies = [
 "futures-util",
 "itertools",
 "tantivy-bitpacker",
 "tantivy-common",
 "tantivy-fst",
 "zstd",
]

[[package]]
name = "tantivy-stacker"
version = "0.6.0"
source = "registry+https://github.com/rust-lang/crates.io-index"
checksum = "23d38a379411169f0b3002c9cba61cdfe315f757e9d4f239c00c282497a0749d"
dependencies = [
 "murmurhash32",
 "rand_distr",
 "tantivy-common",
]

[[package]]
name = "tantivy-tokenizer-api"
version = "0.6.0"
source = "registry+https://github.com/rust-lang/crates.io-index"
checksum = "23024f6aeb25ceb1a0e27740c84bdb0fae52626737b7e9a9de6ad5aa25c7b038"
dependencies = [
 "serde",
]

[[package]]
name = "tantivy-tokenizers"
version = "0.1.0"
source = "git+https://github.com/Kapiche/tantivy-tokenizers?tag=v0.1.0#5b2345f2dfd6bb0e137c4314ed784ca05b264d7c"
dependencies = [
 "tantivy 0.25.0",
 "unicode-properties",
]

[[package]]
name = "target-lexicon"
version = "0.13.4"
source = "registry+https://github.com/rust-lang/crates.io-index"
checksum = "b1dd07eb858a2067e2f3c7155d54e929265c264e6f37efe3ee7a8d1b5a1dd0ba"

[[package]]
name = "tempfile"
version = "3.24.0"
source = "registry+https://github.com/rust-lang/crates.io-index"
checksum = "655da9c7eb6305c55742045d5a8d2037996d61d8de95806335c7c86ce0f82e9c"
dependencies = [
 "fastrand",
 "getrandom 0.3.4",
 "once_cell",
 "rustix",
 "windows-sys 0.61.2",
]

[[package]]
name = "thiserror"
version = "2.0.17"
source = "registry+https://github.com/rust-lang/crates.io-index"
checksum = "f63587ca0f12b72a0600bcba1d40081f830876000bb46dd2337a3051618f4fc8"
dependencies = [
 "thiserror-impl",
]

[[package]]
name = "thiserror-impl"
version = "2.0.17"
source = "registry+https://github.com/rust-lang/crates.io-index"
checksum = "3ff15c8ecd7de3849db632e14d18d2571fa09dfc5ed93479bc4485c7a517c913"
dependencies = [
 "proc-macro2",
 "quote",
 "syn",
]

[[package]]
name = "time"
version = "0.3.44"
source = "registry+https://github.com/rust-lang/crates.io-index"
checksum = "91e7d9e3bb61134e77bde20dd4825b97c010155709965fedf0f49bb138e52a9d"
dependencies = [
 "deranged",
 "itoa",
 "num-conv",
 "powerfmt",
 "serde",
 "time-core",
 "time-macros",
]

[[package]]
name = "time-core"
version = "0.1.6"
source = "registry+https://github.com/rust-lang/crates.io-index"
checksum = "40868e7c1d2f0b8d73e4a8c7f0ff63af4f6d19be117e90bd73eb1d62cf831c6b"

[[package]]
name = "time-macros"
version = "0.2.24"
source = "registry+https://github.com/rust-lang/crates.io-index"
checksum = "30cfb0125f12d9c277f35663a0a33f8c30190f4e4574868a330595412d34ebf3"
dependencies = [
 "num-conv",
 "time-core",
]

[[package]]
name = "unicode-ident"
version = "1.0.22"
source = "registry+https://github.com/rust-lang/crates.io-index"
checksum = "9312f7c4f6ff9069b165498234ce8be658059c6728633667c526e27dc2cf1df5"

[[package]]
name = "unicode-properties"
version = "0.1.4"
source = "registry+https://github.com/rust-lang/crates.io-index"
checksum = "7df058c713841ad818f1dc5d3fd88063241cc61f49f5fbea4b951e8cf5a8d71d"

[[package]]
name = "unindent"
version = "0.2.4"
source = "registry+https://github.com/rust-lang/crates.io-index"
checksum = "7264e107f553ccae879d21fbea1d6724ac785e8c3bfc762137959b5802826ef3"

[[package]]
name = "utf8-ranges"
version = "1.0.5"
source = "registry+https://github.com/rust-lang/crates.io-index"
checksum = "7fcfc827f90e53a02eaef5e535ee14266c1d569214c6aa70133a624d8a3164ba"

[[package]]
name = "uuid"
version = "1.19.0"
source = "registry+https://github.com/rust-lang/crates.io-index"
checksum = "e2e054861b4bd027cd373e18e8d8d8e6548085000e41290d95ce0c373a654b4a"
dependencies = [
 "getrandom 0.3.4",
 "js-sys",
 "serde_core",
 "wasm-bindgen",
]

[[package]]
name = "wasi"
version = "0.11.1+wasi-snapshot-preview1"
source = "registry+https://github.com/rust-lang/crates.io-index"
checksum = "ccf3ec651a847eb01de73ccad15eb7d99f80485de043efb2f370cd654f4ea44b"

[[package]]
name = "wasip2"
version = "1.0.1+wasi-0.2.4"
source = "registry+https://github.com/rust-lang/crates.io-index"
checksum = "0562428422c63773dad2c345a1882263bbf4d65cf3f42e90921f787ef5ad58e7"
dependencies = [
 "wit-bindgen",
]

[[package]]
name = "wasm-bindgen"
version = "0.2.106"
source = "registry+https://github.com/rust-lang/crates.io-index"
checksum = "0d759f433fa64a2d763d1340820e46e111a7a5ab75f993d1852d70b03dbb80fd"
dependencies = [
 "cfg-if",
 "once_cell",
 "rustversion",
 "wasm-bindgen-macro",
 "wasm-bindgen-shared",
]

[[package]]
name = "wasm-bindgen-macro"
version = "0.2.106"
source = "registry+https://github.com/rust-lang/crates.io-index"
checksum = "48cb0d2638f8baedbc542ed444afc0644a29166f1595371af4fecf8ce1e7eeb3"
dependencies = [
 "quote",
 "wasm-bindgen-macro-support",
]

[[package]]
name = "wasm-bindgen-macro-support"
version = "0.2.106"
source = "registry+https://github.com/rust-lang/crates.io-index"
checksum = "cefb59d5cd5f92d9dcf80e4683949f15ca4b511f4ac0a6e14d4e1ac60c6ecd40"
dependencies = [
 "bumpalo",
 "proc-macro2",
 "quote",
 "syn",
 "wasm-bindgen-shared",
]

[[package]]
name = "wasm-bindgen-shared"
version = "0.2.106"
source = "registry+https://github.com/rust-lang/crates.io-index"
checksum = "cbc538057e648b67f72a982e708d485b2efa771e1ac05fec311f9f63e5800db4"
dependencies = [
 "unicode-ident",
]

[[package]]
name = "winapi"
version = "0.3.9"
source = "registry+https://github.com/rust-lang/crates.io-index"
checksum = "5c839a674fcd7a98952e593242ea400abe93992746761e38641405d28b00f419"
dependencies = [
 "winapi-i686-pc-windows-gnu",
 "winapi-x86_64-pc-windows-gnu",
]

[[package]]
name = "winapi-i686-pc-windows-gnu"
version = "0.4.0"
source = "registry+https://github.com/rust-lang/crates.io-index"
checksum = "ac3b87c63620426dd9b991e5ce0329eff545bccbbb34f3be09ff6fb6ab51b7b6"

[[package]]
name = "winapi-x86_64-pc-windows-gnu"
version = "0.4.0"
source = "registry+https://github.com/rust-lang/crates.io-index"
checksum = "712e227841d057c1ee1cd2fb22fa7e5a5461ae8e48fa2ca79ec42cfc1931183f"

[[package]]
name = "windows-core"
version = "0.62.2"
source = "registry+https://github.com/rust-lang/crates.io-index"
checksum = "b8e83a14d34d0623b51dce9581199302a221863196a1dde71a7663a4c2be9deb"
dependencies = [
 "windows-implement",
 "windows-interface",
 "windows-link",
 "windows-result",
 "windows-strings",
]

[[package]]
name = "windows-implement"
version = "0.60.2"
source = "registry+https://github.com/rust-lang/crates.io-index"
checksum = "053e2e040ab57b9dc951b72c264860db7eb3b0200ba345b4e4c3b14f67855ddf"
dependencies = [
 "proc-macro2",
 "quote",
 "syn",
]

[[package]]
name = "windows-interface"
version = "0.59.3"
source = "registry+https://github.com/rust-lang/crates.io-index"
checksum = "3f316c4a2570ba26bbec722032c4099d8c8bc095efccdc15688708623367e358"
dependencies = [
 "proc-macro2",
 "quote",
 "syn",
]

[[package]]
name = "windows-link"
version = "0.2.1"
source = "registry+https://github.com/rust-lang/crates.io-index"
checksum = "f0805222e57f7521d6a62e36fa9163bc891acd422f971defe97d64e70d0a4fe5"

[[package]]
name = "windows-result"
version = "0.4.1"
source = "registry+https://github.com/rust-lang/crates.io-index"
checksum = "7781fa89eaf60850ac3d2da7af8e5242a5ea78d1a11c49bf2910bb5a73853eb5"
dependencies = [
 "windows-link",
]

[[package]]
name = "windows-strings"
version = "0.5.1"
source = "registry+https://github.com/rust-lang/crates.io-index"
checksum = "7837d08f69c77cf6b07689544538e017c1bfcf57e34b4c0ff58e6c2cd3b37091"
dependencies = [
 "windows-link",
]

[[package]]
name = "windows-sys"
version = "0.59.0"
source = "registry+https://github.com/rust-lang/crates.io-index"
checksum = "1e38bc4d79ed67fd075bcc251a1c39b32a1776bbe92e5bef1f0bf1f8c531853b"
dependencies = [
 "windows-targets",
]

[[package]]
name = "windows-sys"
version = "0.61.2"
source = "registry+https://github.com/rust-lang/crates.io-index"
checksum = "ae137229bcbd6cdf0f7b80a31df61766145077ddf49416a728b02cb3921ff3fc"
dependencies = [
 "windows-link",
]

[[package]]
name = "windows-targets"
version = "0.52.6"
source = "registry+https://github.com/rust-lang/crates.io-index"
checksum = "9b724f72796e036ab90c1021d4780d4d3d648aca59e491e6b98e725b84e99973"
dependencies = [
 "windows_aarch64_gnullvm",
 "windows_aarch64_msvc",
 "windows_i686_gnu",
 "windows_i686_gnullvm",
 "windows_i686_msvc",
 "windows_x86_64_gnu",
 "windows_x86_64_gnullvm",
 "windows_x86_64_msvc",
]

[[package]]
name = "windows_aarch64_gnullvm"
version = "0.52.6"
source = "registry+https://github.com/rust-lang/crates.io-index"
checksum = "32a4622180e7a0ec044bb555404c800bc9fd9ec262ec147edd5989ccd0c02cd3"

[[package]]
name = "windows_aarch64_msvc"
version = "0.52.6"
source = "registry+https://github.com/rust-lang/crates.io-index"
checksum = "09ec2a7bb152e2252b53fa7803150007879548bc709c039df7627cabbd05d469"

[[package]]
name = "windows_i686_gnu"
version = "0.52.6"
source = "registry+https://github.com/rust-lang/crates.io-index"
checksum = "8e9b5ad5ab802e97eb8e295ac6720e509ee4c243f69d781394014ebfe8bbfa0b"

[[package]]
name = "windows_i686_gnullvm"
version = "0.52.6"
source = "registry+https://github.com/rust-lang/crates.io-index"
checksum = "0eee52d38c090b3caa76c563b86c3a4bd71ef1a819287c19d586d7334ae8ed66"

[[package]]
name = "windows_i686_msvc"
version = "0.52.6"
source = "registry+https://github.com/rust-lang/crates.io-index"
checksum = "240948bc05c5e7c6dabba28bf89d89ffce3e303022809e73deaefe4f6ec56c66"

[[package]]
name = "windows_x86_64_gnu"
version = "0.52.6"
source = "registry+https://github.com/rust-lang/crates.io-index"
checksum = "147a5c80aabfbf0c7d901cb5895d1de30ef2907eb21fbbab29ca94c5b08b1a78"

[[package]]
name = "windows_x86_64_gnullvm"
version = "0.52.6"
source = "registry+https://github.com/rust-lang/crates.io-index"
checksum = "24d5b23dc417412679681396f2b49f3de8c1473deb516bd34410872eff51ed0d"

[[package]]
name = "windows_x86_64_msvc"
version = "0.52.6"
source = "registry+https://github.com/rust-lang/crates.io-index"
checksum = "589f6da84c646204747d1270a2a5661ea66ed1cced2631d546fdfb155959f9ec"

[[package]]
name = "wit-bindgen"
version = "0.46.0"
source = "registry+https://github.com/rust-lang/crates.io-index"
checksum = "f17a85883d4e6d00e8a97c586de764dabcc06133f7f1d55dce5cdc070ad7fe59"

[[package]]
name = "zerocopy"
version = "0.8.31"
source = "registry+https://github.com/rust-lang/crates.io-index"
checksum = "fd74ec98b9250adb3ca554bdde269adf631549f51d8a8f8f0a10b50f1cb298c3"
dependencies = [
 "zerocopy-derive",
]

[[package]]
name = "zerocopy-derive"
version = "0.8.31"
source = "registry+https://github.com/rust-lang/crates.io-index"
checksum = "d8a8d209fdf45cf5138cbb5a506f6b52522a25afccc534d1475dad8e31105c6a"
dependencies = [
 "proc-macro2",
 "quote",
 "syn",
]

[[package]]
name = "zmij"
version = "1.0.12"
source = "registry+https://github.com/rust-lang/crates.io-index"
checksum = "2fc5a66a20078bf1251bde995aa2fdcc4b800c70b5d92dd2c62abc5c60f679f8"

[[package]]
name = "zstd"
version = "0.13.3"
source = "registry+https://github.com/rust-lang/crates.io-index"
checksum = "e91ee311a569c327171651566e07972200e76fcfe2242a4fa446149a3881c08a"
dependencies = [
 "zstd-safe",
]

[[package]]
name = "zstd-safe"
version = "7.2.4"
source = "registry+https://github.com/rust-lang/crates.io-index"
checksum = "8f49c4d5f0abb602a93fb8736af2a4f4dd9512e36f7f570d66e65ff867ed3b9d"
dependencies = [
 "zstd-sys",
]

[[package]]
name = "zstd-sys"
version = "2.0.16+zstd.1.5.7"
source = "registry+https://github.com/rust-lang/crates.io-index"
checksum = "91e19ebc2adc8f83e43039e79776e3fda8ca919132d68a1fed6a5faca2683748"
dependencies = [
 "cc",
 "pkg-config",
]
